{
  "name": "fuzzy-search",
  "version": "1.0.0",
  "lockfileVersion": 2,
  "requires": true,
  "packages": {
    "": {
      "version": "1.0.0",
      "license": "MIT",
      "dependencies": {
        "fzf": "^0.3.1"
      }
    },
    "node_modules/fzf": {
      "version": "0.3.1",
      "resolved": "https://registry.npmjs.org/fzf/-/fzf-0.3.1.tgz",
      "integrity": "sha512-uZqQpYgjs3TZmy2wkNE+5gaHi1ceCy37flKZN7kT7tTIOlB/06AHwFISRx6moUW/4w53XoEUEZY5812x0bnxbw=="
    }
  },
  "dependencies": {
    "fzf": {
      "version": "0.3.1",
      "resolved": "https://registry.npmjs.org/fzf/-/fzf-0.3.1.tgz",
      "integrity": "sha512-uZqQpYgjs3TZmy2wkNE+5gaHi1ceCy37flKZN7kT7tTIOlB/06AHwFISRx6moUW/4w53XoEUEZY5812x0bnxbw=="
    }
  }
}
